
Microsoft Visual Studio Solution File, Format Version 12.00
# Visual Studio Version 17
VisualStudioVersion = 17.12.35521.163 d17.12
MinimumVisualStudioVersion = 10.0.40219.1
Project("{FAE04EC0-301F-11D3-BF4B-00C04F79EFBC}") = "SALONESNETWORK.WEBAPI", "SALONESNETWORK.WEBAPI\SALONESNETWORK.WEBAPI.csproj", "{EA9B34FD-82F7-48B3-A5BE-4F873E5266A4}"
EndProject
Project("{FAE04EC0-301F-11D3-BF4B-00C04F79EFBC}") = "SALONESNETWORK.MODELS", "SALONESNETWORK.MODELO\SALONESNETWORK.MODELS.csproj", "{271B553C-AED5-4407-96B4-2C1013799C95}"
EndProject
Project("{FAE04EC0-301F-11D3-BF4B-00C04F79EFBC}") = "SALONESNETWORK.BLL", "SALONESNETWORK.DATA\SALONESNETWORK.BLL.csproj", "{636379FB-E3B7-40EB-810C-8DCE0AB7B6FA}"
EndProject
Project("{FAE04EC0-301F-11D3-BF4B-00C04F79EFBC}") = "SALONESNETWORK.DAL", "SALONESNETWORK.DAL\SALONESNETWORK.DAL.csproj", "{99A98ECE-29E8-430D-AF37-F3E84BA8C48C}"
EndProject
Global
	GlobalSection(SolutionConfigurationPlatforms) = preSolution
		Debug|Any CPU = Debug|Any CPU
		Release|Any CPU = Release|Any CPU
	EndGlobalSection
	GlobalSection(ProjectConfigurationPlatforms) = postSolution
		{EA9B34FD-82F7-48B3-A5BE-4F873E5266A4}.Debug|Any CPU.ActiveCfg = Debug|Any CPU
		{EA9B34FD-82F7-48B3-A5BE-4F873E5266A4}.Debug|Any CPU.Build.0 = Debug|Any CPU
		{EA9B34FD-82F7-48B3-A5BE-4F873E5266A4}.Release|Any CPU.ActiveCfg = Release|Any CPU
		{EA9B34FD-82F7-48B3-A5BE-4F873E5266A4}.Release|Any CPU.Build.0 = Release|Any CPU
		{271B553C-AED5-4407-96B4-2C1013799C95}.Debug|Any CPU.ActiveCfg = Debug|Any CPU
		{271B553C-AED5-4407-96B4-2C1013799C95}.Debug|Any CPU.Build.0 = Debug|Any CPU
		{271B553C-AED5-4407-96B4-2C1013799C95}.Release|Any CPU.ActiveCfg = Release|Any CPU
		{271B553C-AED5-4407-96B4-2C1013799C95}.Release|Any CPU.Build.0 = Release|Any CPU
		{636379FB-E3B7-40EB-810C-8DCE0AB7B6FA}.Debug|Any CPU.ActiveCfg = Debug|Any CPU
		{636379FB-E3B7-40EB-810C-8DCE0AB7B6FA}.Debug|Any CPU.Build.0 = Debug|Any CPU
		{636379FB-E3B7-40EB-810C-8DCE0AB7B6FA}.Release|Any CPU.ActiveCfg = Release|Any CPU
		{636379FB-E3B7-40EB-810C-8DCE0AB7B6FA}.Release|Any CPU.Build.0 = Release|Any CPU
		{99A98ECE-29E8-430D-AF37-F3E84BA8C48C}.Debug|Any CPU.ActiveCfg = Debug|Any CPU
		{99A98ECE-29E8-430D-AF37-F3E84BA8C48C}.Debug|Any CPU.Build.0 = Debug|Any CPU
		{99A98ECE-29E8-430D-AF37-F3E84BA8C48C}.Release|Any CPU.ActiveCfg = Release|Any CPU
		{99A98ECE-29E8-430D-AF37-F3E84BA8C48C}.Release|Any CPU.Build.0 = Release|Any CPU
	EndGlobalSection
	GlobalSection(SolutionProperties) = preSolution
		HideSolutionNode = FALSE
	EndGlobalSection
EndGlobal
